// !$*UTF8*$!
{
	archiveVersion = 1;
	classes = {
	};
	objectVersion = 51;
	objects = {

/* Begin PBXBuildFile section */
		1F0471C624240220009FB91B /* PageViewController.swift in Sources */ = {isa = PBXBuildFile; fileRef = 1F0471C524240220009FB91B /* PageViewController.swift */; };
		1F0471C82424111B009FB91B /* WeatherDetail.swift in Sources */ = {isa = PBXBuildFile; fileRef = 1F0471C72424111B009FB91B /* WeatherDetail.swift */; };
		1F4A8C57243112D900AEBA9F /* DailyTableViewCell.swift in Sources */ = {isa = PBXBuildFile; fileRef = 1F4A8C56243112D900AEBA9F /* DailyTableViewCell.swift */; };
		1F4A8C5924311E2800AEBA9F /* HourlyCollectionViewCell.swift in Sources */ = {isa = PBXBuildFile; fileRef = 1F4A8C5824311E2800AEBA9F /* HourlyCollectionViewCell.swift */; };
		1F6C17502415EFC5008CEF4D /* AppDelegate.swift in Sources */ = {isa = PBXBuildFile; fileRef = 1F6C174F2415EFC5008CEF4D /* AppDelegate.swift */; };
		1F6C17522415EFC5008CEF4D /* SceneDelegate.swift in Sources */ = {isa = PBXBuildFile; fileRef = 1F6C17512415EFC5008CEF4D /* SceneDelegate.swift */; };
		1F6C17542415EFC5008CEF4D /* LocationListViewController.swift in Sources */ = {isa = PBXBuildFile; fileRef = 1F6C17532415EFC5008CEF4D /* LocationListViewController.swift */; };
		1F6C17572415EFC5008CEF4D /* Main.storyboard in Resources */ = {isa = PBXBuildFile; fileRef = 1F6C17552415EFC5008CEF4D /* Main.storyboard */; };
		1F6C17592415EFC7008CEF4D /* Assets.xcassets in Resources */ = {isa = PBXBuildFile; fileRef = 1F6C17582415EFC7008CEF4D /* Assets.xcassets */; };
		1F6C175C2415EFC7008CEF4D /* LaunchScreen.storyboard in Resources */ = {isa = PBXBuildFile; fileRef = 1F6C175A2415EFC7008CEF4D /* LaunchScreen.storyboard */; };
		1F6C17642415F02F008CEF4D /* WeatherLocation.swift in Sources */ = {isa = PBXBuildFile; fileRef = 1F6C17632415F02F008CEF4D /* WeatherLocation.swift */; };
		1F910A23241D6E4A007B09F3 /* API-Keys.swift in Sources */ = {isa = PBXBuildFile; fileRef = 1F910A22241D6E4A007B09F3 /* API-Keys.swift */; };
		1F910A25241EC2FD007B09F3 /* LocationDetailViewController.swift in Sources */ = {isa = PBXBuildFile; fileRef = 1F910A24241EC2FD007B09F3 /* LocationDetailViewController.swift */; };
		1FE4D399244BFC7F00F6B34A /* UIViewController + alert.swift in Sources */ = {isa = PBXBuildFile; fileRef = 1FE4D398244BFC7F00F6B34A /* UIViewController + alert.swift */; };
		1FE4D39B244C047500F6B34A /* AboutViewController.swift in Sources */ = {isa = PBXBuildFile; fileRef = 1FE4D39A244C047500F6B34A /* AboutViewController.swift */; };
		4257A3727B90B14DE372DBA6 /* libPods-Weather Gift.a in Frameworks */ = {isa = PBXBuildFile; fileRef = B4C053CD0FF0DF87A23FEC9D /* libPods-Weather Gift.a */; };
/* End PBXBuildFile section */

/* Begin PBXFileReference section */
		1F0471C524240220009FB91B /* PageViewController.swift */ = {isa = PBXFileReference; lastKnownFileType = sourcecode.swift; path = PageViewController.swift; sourceTree = "<group>"; };
		1F0471C72424111B009FB91B /* WeatherDetail.swift */ = {isa = PBXFileReference; lastKnownFileType = sourcecode.swift; path = WeatherDetail.swift; sourceTree = "<group>"; };
		1F4A8C56243112D900AEBA9F /* DailyTableViewCell.swift */ = {isa = PBXFileReference; lastKnownFileType = sourcecode.swift; path = DailyTableViewCell.swift; sourceTree = "<group>"; };
		1F4A8C5824311E2800AEBA9F /* HourlyCollectionViewCell.swift */ = {isa = PBXFileReference; lastKnownFileType = sourcecode.swift; path = HourlyCollectionViewCell.swift; sourceTree = "<group>"; };
		1F6C174C2415EFC5008CEF4D /* Weather Gift.app */ = {isa = PBXFileReference; explicitFileType = wrapper.application; includeInIndex = 0; path = "Weather Gift.app"; sourceTree = BUILT_PRODUCTS_DIR; };
		1F6C174F2415EFC5008CEF4D /* AppDelegate.swift */ = {isa = PBXFileReference; lastKnownFileType = sourcecode.swift; path = AppDelegate.swift; sourceTree = "<group>"; };
		1F6C17512415EFC5008CEF4D /* SceneDelegate.swift */ = {isa = PBXFileReference; lastKnownFileType = sourcecode.swift; path = SceneDelegate.swift; sourceTree = "<group>"; };
		1F6C17532415EFC5008CEF4D /* LocationListViewController.swift */ = {isa = PBXFileReference; lastKnownFileType = sourcecode.swift; path = LocationListViewController.swift; sourceTree = "<group>"; };
		1F6C17562415EFC5008CEF4D /* Base */ = {isa = PBXFileReference; lastKnownFileType = file.storyboard; name = Base; path = Base.lproj/Main.storyboard; sourceTree = "<group>"; };
		1F6C17582415EFC7008CEF4D /* Assets.xcassets */ = {isa = PBXFileReference; lastKnownFileType = folder.assetcatalog; path = Assets.xcassets; sourceTree = "<group>"; };
		1F6C175B2415EFC7008CEF4D /* Base */ = {isa = PBXFileReference; lastKnownFileType = file.storyboard; name = Base; path = Base.lproj/LaunchScreen.storyboard; sourceTree = "<group>"; };
		1F6C175D2415EFC7008CEF4D /* Info.plist */ = {isa = PBXFileReference; lastKnownFileType = text.plist.xml; path = Info.plist; sourceTree = "<group>"; };
		1F6C17632415F02F008CEF4D /* WeatherLocation.swift */ = {isa = PBXFileReference; lastKnownFileType = sourcecode.swift; path = WeatherLocation.swift; sourceTree = "<group>"; };
		1F910A22241D6E4A007B09F3 /* API-Keys.swift */ = {isa = PBXFileReference; lastKnownFileType = sourcecode.swift; path = "API-Keys.swift"; sourceTree = "<group>"; };
		1F910A24241EC2FD007B09F3 /* LocationDetailViewController.swift */ = {isa = PBXFileReference; lastKnownFileType = sourcecode.swift; path = LocationDetailViewController.swift; sourceTree = "<group>"; };
		1FE4D398244BFC7F00F6B34A /* UIViewController + alert.swift */ = {isa = PBXFileReference; lastKnownFileType = sourcecode.swift; path = "UIViewController + alert.swift"; sourceTree = "<group>"; };
		1FE4D39A244C047500F6B34A /* AboutViewController.swift */ = {isa = PBXFileReference; lastKnownFileType = sourcecode.swift; path = AboutViewController.swift; sourceTree = "<group>"; };
		A215247D953D423D2F547899 /* Pods-Weather Gift.debug.xcconfig */ = {isa = PBXFileReference; includeInIndex = 1; lastKnownFileType = text.xcconfig; name = "Pods-Weather Gift.debug.xcconfig"; path = "Target Support Files/Pods-Weather Gift/Pods-Weather Gift.debug.xcconfig"; sourceTree = "<group>"; };
		A4E77C76466E0E8EFEB7A748 /* Pods-Weather Gift.release.xcconfig */ = {isa = PBXFileReference; includeInIndex = 1; lastKnownFileType = text.xcconfig; name = "Pods-Weather Gift.release.xcconfig"; path = "Target Support Files/Pods-Weather Gift/Pods-Weather Gift.release.xcconfig"; sourceTree = "<group>"; };
		B4C053CD0FF0DF87A23FEC9D /* libPods-Weather Gift.a */ = {isa = PBXFileReference; explicitFileType = archive.ar; includeInIndex = 0; path = "libPods-Weather Gift.a"; sourceTree = BUILT_PRODUCTS_DIR; };
/* End PBXFileReference section */

/* Begin PBXFrameworksBuildPhase section */
		1F6C17492415EFC5008CEF4D /* Frameworks */ = {
			isa = PBXFrameworksBuildPhase;
			buildActionMask = 2147483647;
			files = (
				4257A3727B90B14DE372DBA6 /* libPods-Weather Gift.a in Frameworks */,
			);
			runOnlyForDeploymentPostprocessing = 0;
		};
/* End PBXFrameworksBuildPhase section */

/* Begin PBXGroup section */
		1F6C17432415EFC5008CEF4D = {
			isa = PBXGroup;
			children = (
				1F6C174E2415EFC5008CEF4D /* Weather Gift */,
				1F6C174D2415EFC5008CEF4D /* Products */,
				288DC17407BB5B39F75E0826 /* Pods */,
				8C636CD878586E0A16223850 /* Frameworks */,
			);
			sourceTree = "<group>";
		};
		1F6C174D2415EFC5008CEF4D /* Products */ = {
			isa = PBXGroup;
			children = (
				1F6C174C2415EFC5008CEF4D /* Weather Gift.app */,
			);
			name = Products;
			sourceTree = "<group>";
		};
		1F6C174E2415EFC5008CEF4D /* Weather Gift */ = {
			isa = PBXGroup;
			children = (
				1F6C174F2415EFC5008CEF4D /* AppDelegate.swift */,
				1F6C17512415EFC5008CEF4D /* SceneDelegate.swift */,
				1F6C17632415F02F008CEF4D /* WeatherLocation.swift */,
				1F0471C72424111B009FB91B /* WeatherDetail.swift */,
				1F0471C524240220009FB91B /* PageViewController.swift */,
				1F910A24241EC2FD007B09F3 /* LocationDetailViewController.swift */,
				1F6C17532415EFC5008CEF4D /* LocationListViewController.swift */,
				1FE4D39A244C047500F6B34A /* AboutViewController.swift */,
				1F4A8C56243112D900AEBA9F /* DailyTableViewCell.swift */,
				1F4A8C5824311E2800AEBA9F /* HourlyCollectionViewCell.swift */,
				1FE4D398244BFC7F00F6B34A /* UIViewController + alert.swift */,
				1F6C17552415EFC5008CEF4D /* Main.storyboard */,
				1F6C17582415EFC7008CEF4D /* Assets.xcassets */,
				1F6C175A2415EFC7008CEF4D /* LaunchScreen.storyboard */,
				1F6C175D2415EFC7008CEF4D /* Info.plist */,
				1F910A22241D6E4A007B09F3 /* API-Keys.swift */,
			);
			path = "Weather Gift";
			sourceTree = "<group>";
		};
		288DC17407BB5B39F75E0826 /* Pods */ = {
			isa = PBXGroup;
			children = (
				A215247D953D423D2F547899 /* Pods-Weather Gift.debug.xcconfig */,
				A4E77C76466E0E8EFEB7A748 /* Pods-Weather Gift.release.xcconfig */,
			);
			path = Pods;
			sourceTree = "<group>";
		};
		8C636CD878586E0A16223850 /* Frameworks */ = {
			isa = PBXGroup;
			children = (
				B4C053CD0FF0DF87A23FEC9D /* libPods-Weather Gift.a */,
			);
			name = Frameworks;
			sourceTree = "<group>";
		};
/* End PBXGroup section */

/* Begin PBXNativeTarget section */
		1F6C174B2415EFC5008CEF4D /* Weather Gift */ = {
			isa = PBXNativeTarget;
			buildConfigurationList = 1F6C17602415EFC7008CEF4D /* Build configuration list for PBXNativeTarget "Weather Gift" */;
			buildPhases = (
				7930CEA41E138DF59EC908CB /* [CP] Check Pods Manifest.lock */,
				1F6C17482415EFC5008CEF4D /* Sources */,
				1F6C17492415EFC5008CEF4D /* Frameworks */,
				1F6C174A2415EFC5008CEF4D /* Resources */,
				04D8B51854CF9F4C3588B7C5 /* [CP] Copy Pods Resources */,
			);
			buildRules = (
			);
			dependencies = (
			);
			name = "Weather Gift";
			productName = "Weather Gift";
			productReference = 1F6C174C2415EFC5008CEF4D /* Weather Gift.app */;
			productType = "com.apple.product-type.application";
		};
/* End PBXNativeTarget section */

/* Begin PBXProject section */
		1F6C17442415EFC5008CEF4D /* Project object */ = {
			isa = PBXProject;
			attributes = {
				LastSwiftUpdateCheck = 1130;
				LastUpgradeCheck = 1130;
				ORGANIZATIONNAME = "Ben Tsai";
				TargetAttributes = {
					1F6C174B2415EFC5008CEF4D = {
						CreatedOnToolsVersion = 11.3.1;
					};
				};
			};
			buildConfigurationList = 1F6C17472415EFC5008CEF4D /* Build configuration list for PBXProject "Weather Gift" */;
			compatibilityVersion = "Xcode 9.3";
			developmentRegion = en;
			hasScannedForEncodings = 0;
			knownRegions = (
				en,
				Base,
			);
			mainGroup = 1F6C17432415EFC5008CEF4D;
			productRefGroup = 1F6C174D2415EFC5008CEF4D /* Products */;
			projectDirPath = "";
			projectRoot = "";
			targets = (
				1F6C174B2415EFC5008CEF4D /* Weather Gift */,
			);
		};
/* End PBXProject section */

/* Begin PBXResourcesBuildPhase section */
		1F6C174A2415EFC5008CEF4D /* Resources */ = {
			isa = PBXResourcesBuildPhase;
			buildActionMask = 2147483647;
			files = (
				1F6C175C2415EFC7008CEF4D /* LaunchScreen.storyboard in Resources */,
				1F6C17592415EFC7008CEF4D /* Assets.xcassets in Resources */,
				1F6C17572415EFC5008CEF4D /* Main.storyboard in Resources */,
			);
			runOnlyForDeploymentPostprocessing = 0;
		};
/* End PBXResourcesBuildPhase section */

/* Begin PBXShellScriptBuildPhase section */
		04D8B51854CF9F4C3588B7C5 /* [CP] Copy Pods Resources */ = {
			isa = PBXShellScriptBuildPhase;
			buildActionMask = 2147483647;
			files = (
			);
			inputFileListPaths = (
				"${PODS_ROOT}/Target Support Files/Pods-Weather Gift/Pods-Weather Gift-resources-${CONFIGURATION}-input-files.xcfilelist",
			);
			name = "[CP] Copy Pods Resources";
			outputFileListPaths = (
				"${PODS_ROOT}/Target Support Files/Pods-Weather Gift/Pods-Weather Gift-resources-${CONFIGURATION}-output-files.xcfilelist",
			);
			runOnlyForDeploymentPostprocessing = 0;
			shellPath = /bin/sh;
			shellScript = "\"${PODS_ROOT}/Target Support Files/Pods-Weather Gift/Pods-Weather Gift-resources.sh\"\n";
			showEnvVarsInLog = 0;
		};
		7930CEA41E138DF59EC908CB /* [CP] Check Pods Manifest.lock */ = {
			isa = PBXShellScriptBuildPhase;
			buildActionMask = 2147483647;
			files = (
			);
			inputFileListPaths = (
			);
			inputPaths = (
				"${PODS_PODFILE_DIR_PATH}/Podfile.lock",
				"${PODS_ROOT}/Manifest.lock",
			);
			name = "[CP] Check Pods Manifest.lock";
			outputFileListPaths = (
			);
			outputPaths = (
				"$(DERIVED_FILE_DIR)/Pods-Weather Gift-checkManifestLockResult.txt",
			);
			runOnlyForDeploymentPostprocessing = 0;
			shellPath = /bin/sh;
			shellScript = "diff \"${PODS_PODFILE_DIR_PATH}/Podfile.lock\" \"${PODS_ROOT}/Manifest.lock\" > /dev/null\nif [ $? != 0 ] ; then\n    # print error to STDERR\n    echo \"error: The sandbox is not in sync with the Podfile.lock. Run 'pod install' or update your CocoaPods installation.\" >&2\n    exit 1\nfi\n# This output is used by Xcode 'outputs' to avoid re-running this script phase.\necho \"SUCCESS\" > \"${SCRIPT_OUTPUT_FILE_0}\"\n";
			showEnvVarsInLog = 0;
		};
/* End PBXShellScriptBuildPhase section */

/* Begin PBXSourcesBuildPhase section */
		1F6C17482415EFC5008CEF4D /* Sources */ = {
			isa = PBXSourcesBuildPhase;
			buildActionMask = 2147483647;
			files = (
				1F4A8C57243112D900AEBA9F /* DailyTableViewCell.swift in Sources */,
				1F6C17542415EFC5008CEF4D /* LocationListViewController.swift in Sources */,
				1F0471C82424111B009FB91B /* WeatherDetail.swift in Sources */,
				1FE4D399244BFC7F00F6B34A /* UIViewController + alert.swift in Sources */,
				1F0471C624240220009FB91B /* PageViewController.swift in Sources */,
				1F6C17642415F02F008CEF4D /* WeatherLocation.swift in Sources */,
				1FE4D39B244C047500F6B34A /* AboutViewController.swift in Sources */,
				1F6C17502415EFC5008CEF4D /* AppDelegate.swift in Sources */,
				1F910A23241D6E4A007B09F3 /* API-Keys.swift in Sources */,
				1F910A25241EC2FD007B09F3 /* LocationDetailViewController.swift in Sources */,
				1F6C17522415EFC5008CEF4D /* SceneDelegate.swift in Sources */,
				1F4A8C5924311E2800AEBA9F /* HourlyCollectionViewCell.swift in Sources */,
			);
			runOnlyForDeploymentPostprocessing = 0;
		};
/* End PBXSourcesBuildPhase section */

/* Begin PBXVariantGroup section */
		1F6C17552415EFC5008CEF4D /* Main.storyboard */ = {
			isa = PBXVariantGroup;
			children = (
				1F6C17562415EFC5008CEF4D /* Base */,
			);
			name = Main.storyboard;
			sourceTree = "<group>";
		};
		1F6C175A2415EFC7008CEF4D /* LaunchScreen.storyboard */ = {
			isa = PBXVariantGroup;
			children = (
				1F6C175B2415EFC7008CEF4D /* Base */,
			);
			name = LaunchScreen.storyboard;
			sourceTree = "<group>";
		};
/* End PBXVariantGroup section */

/* Begin XCBuildConfiguration section */
		1F6C175E2415EFC7008CEF4D /* Debug */ = {
			isa = XCBuildConfiguration;
			buildSettings = {
				ALWAYS_SEARCH_USER_PATHS = NO;
				CLANG_ANALYZER_NONNULL = YES;
				CLANG_ANALYZER_NUMBER_OBJECT_CONVERSION = YES_AGGRESSIVE;
				CLANG_CXX_LANGUAGE_STANDARD = "gnu++14";
				CLANG_CXX_LIBRARY = "libc++";
				CLANG_ENABLE_MODULES = YES;
				CLANG_ENABLE_OBJC_ARC = YES;
				CLANG_ENABLE_OBJC_WEAK = YES;
				CLANG_WARN_BLOCK_CAPTURE_AUTORELEASING = YES;
				CLANG_WARN_BOOL_CONVERSION = YES;
				CLANG_WARN_COMMA = YES;
				CLANG_WARN_CONSTANT_CONVERSION = YES;
				CLANG_WARN_DEPRECATED_OBJC_IMPLEMENTATIONS = YES;
				CLANG_WARN_DIRECT_OBJC_ISA_USAGE = YES_ERROR;
				CLANG_WARN_DOCUMENTATION_COMMENTS = YES;
				CLANG_WARN_EMPTY_BODY = YES;
				CLANG_WARN_ENUM_CONVERSION = YES;
				CLANG_WARN_INFINITE_RECURSION = YES;
				CLANG_WARN_INT_CONVERSION = YES;
				CLANG_WARN_NON_LITERAL_NULL_CONVERSION = YES;
				CLANG_WARN_OBJC_IMPLICIT_RETAIN_SELF = YES;
				CLANG_WARN_OBJC_LITERAL_CONVERSION = YES;
				CLANG_WARN_OBJC_ROOT_CLASS = YES_ERROR;
				CLANG_WARN_RANGE_LOOP_ANALYSIS = YES;
				CLANG_WARN_STRICT_PROTOTYPES = YES;
				CLANG_WARN_SUSPICIOUS_MOVE = YES;
				CLANG_WARN_UNGUARDED_AVAILABILITY = YES_AGGRESSIVE;
				CLANG_WARN_UNREACHABLE_CODE = YES;
				CLANG_WARN__DUPLICATE_METHOD_MATCH = YES;
				COPY_PHASE_STRIP = NO;
				DEBUG_INFORMATION_FORMAT = dwarf;
				ENABLE_STRICT_OBJC_MSGSEND = YES;
				ENABLE_TESTABILITY = YES;
				GCC_C_LANGUAGE_STANDARD = gnu11;
				GCC_DYNAMIC_NO_PIC = NO;
				GCC_NO_COMMON_BLOCKS = YES;
				GCC_OPTIMIZATION_LEVEL = 0;
				GCC_PREPROCESSOR_DEFINITIONS = (
					"DEBUG=1",
					"$(inherited)",
				);
				GCC_WARN_64_TO_32_BIT_CONVERSION = YES;
				GCC_WARN_ABOUT_RETURN_TYPE = YES_ERROR;
				GCC_WARN_UNDECLARED_SELECTOR = YES;
				GCC_WARN_UNINITIALIZED_AUTOS = YES_AGGRESSIVE;
				GCC_WARN_UNUSED_FUNCTION = YES;
				GCC_WARN_UNUSED_VARIABLE = YES;
				IPHONEOS_DEPLOYMENT_TARGET = 13.2;
				MTL_ENABLE_DEBUG_INFO = INCLUDE_SOURCE;
				MTL_FAST_MATH = YES;
				ONLY_ACTIVE_ARCH = YES;
				SDKROOT = iphoneos;
				SWIFT_ACTIVE_COMPILATION_CONDITIONS = DEBUG;
				SWIFT_OPTIMIZATION_LEVEL = "-Onone";
			};
			name = Debug;
		};
		1F6C175F2415EFC7008CEF4D /* Release */ = {
			isa = XCBuildConfiguration;
			buildSettings = {
				ALWAYS_SEARCH_USER_PATHS = NO;
				CLANG_ANALYZER_NONNULL = YES;
				CLANG_ANALYZER_NUMBER_OBJECT_CONVERSION = YES_AGGRESSIVE;
				CLANG_CXX_LANGUAGE_STANDARD = "gnu++14";
				CLANG_CXX_LIBRARY = "libc++";
				CLANG_ENABLE_MODULES = YES;
				CLANG_ENABLE_OBJC_ARC = YES;
				CLANG_ENABLE_OBJC_WEAK = YES;
				CLANG_WARN_BLOCK_CAPTURE_AUTORELEASING = YES;
				CLANG_WARN_BOOL_CONVERSION = YES;
				CLANG_WARN_COMMA = YES;
				CLANG_WARN_CONSTANT_CONVERSION = YES;
				CLANG_WARN_DEPRECATED_OBJC_IMPLEMENTATIONS = YES;
				CLANG_WARN_DIRECT_OBJC_ISA_USAGE = YES_ERROR;
				CLANG_WARN_DOCUMENTATION_COMMENTS = YES;
				CLANG_WARN_EMPTY_BODY = YES;
				CLANG_WARN_ENUM_CONVERSION = YES;
				CLANG_WARN_INFINITE_RECURSION = YES;
				CLANG_WARN_INT_CONVERSION = YES;
				CLANG_WARN_NON_LITERAL_NULL_CONVERSION = YES;
				CLANG_WARN_OBJC_IMPLICIT_RETAIN_SELF = YES;
				CLANG_WARN_OBJC_LITERAL_CONVERSION = YES;
				CLANG_WARN_OBJC_ROOT_CLASS = YES_ERROR;
				CLANG_WARN_RANGE_LOOP_ANALYSIS = YES;
				CLANG_WARN_STRICT_PROTOTYPES = YES;
				CLANG_WARN_SUSPICIOUS_MOVE = YES;
				CLANG_WARN_UNGUARDED_AVAILABILITY = YES_AGGRESSIVE;
				CLANG_WARN_UNREACHABLE_CODE = YES;
				CLANG_WARN__DUPLICATE_METHOD_MATCH = YES;
				COPY_PHASE_STRIP = NO;
				DEBUG_INFORMATION_FORMAT = "dwarf-with-dsym";
				ENABLE_NS_ASSERTIONS = NO;
				ENABLE_STRICT_OBJC_MSGSEND = YES;
				GCC_C_LANGUAGE_STANDARD = gnu11;
				GCC_NO_COMMON_BLOCKS = YES;
				GCC_WARN_64_TO_32_BIT_CONVERSION = YES;
				GCC_WARN_ABOUT_RETURN_TYPE = YES_ERROR;
				GCC_WARN_UNDECLARED_SELECTOR = YES;
				GCC_WARN_UNINITIALIZED_AUTOS = YES_AGGRESSIVE;
				GCC_WARN_UNUSED_FUNCTION = YES;
				GCC_WARN_UNUSED_VARIABLE = YES;
				IPHONEOS_DEPLOYMENT_TARGET = 13.2;
				MTL_ENABLE_DEBUG_INFO = NO;
				MTL_FAST_MATH = YES;
				SDKROOT = iphoneos;
				SWIFT_COMPILATION_MODE = wholemodule;
				SWIFT_OPTIMIZATION_LEVEL = "-O";
				VALIDATE_PRODUCT = YES;
			};
			name = Release;
		};
		1F6C17612415EFC7008CEF4D /* Debug */ = {
			isa = XCBuildConfiguration;
			baseConfigurationReference = A215247D953D423D2F547899 /* Pods-Weather Gift.debug.xcconfig */;
			buildSettings = {
				ASSETCATALOG_COMPILER_APPICON_NAME = AppIcon;
				CODE_SIGN_STYLE = Automatic;
				DEVELOPMENT_TEAM = 9LM68CGF2F;
				INFOPLIST_FILE = "Weather Gift/Info.plist";
				LD_RUNPATH_SEARCH_PATHS = (
					"$(inherited)",
					"@executable_path/Frameworks",
				);
				PRODUCT_BUNDLE_IDENTIFIER = "com.bentsai.Weather-Gift";
				PRODUCT_NAME = "$(TARGET_NAME)";
				SWIFT_VERSION = 5.0;
				TARGETED_DEVICE_FAMILY = "1,2";
			};
			name = Debug;
		};
		1F6C17622415EFC7008CEF4D /* Release */ = {
			isa = XCBuildConfiguration;
			baseConfigurationReference = A4E77C76466E0E8EFEB7A748 /* Pods-Weather Gift.release.xcconfig */;
			buildSettings = {
				ASSETCATALOG_COMPILER_APPICON_NAME = AppIcon;
				CODE_SIGN_STYLE = Automatic;
				DEVELOPMENT_TEAM = 9LM68CGF2F;
				INFOPLIST_FILE = "Weather Gift/Info.plist";
				LD_RUNPATH_SEARCH_PATHS = (
					"$(inherited)",
					"@executable_path/Frameworks",
				);
				PRODUCT_BUNDLE_IDENTIFIER = "com.bentsai.Weather-Gift";
				PRODUCT_NAME = "$(TARGET_NAME)";
				SWIFT_VERSION = 5.0;
				TARGETED_DEVICE_FAMILY = "1,2";
			};
			name = Release;
		};
/* End XCBuildConfiguration section */

/* Begin XCConfigurationList section */
		1F6C17472415EFC5008CEF4D /* Build configuration list for PBXProject "Weather Gift" */ = {
			isa = XCConfigurationList;
			buildConfigurations = (
				1F6C175E2415EFC7008CEF4D /* Debug */,
				1F6C175F2415EFC7008CEF4D /* Release */,
			);
			defaultConfigurationIsVisible = 0;
			defaultConfigurationName = Release;
		};
		1F6C17602415EFC7008CEF4D /* Build configuration list for PBXNativeTarget "Weather Gift" */ = {
			isa = XCConfigurationList;
			buildConfigurations = (
				1F6C17612415EFC7008CEF4D /* Debug */,
				1F6C17622415EFC7008CEF4D /* Release */,
			);
			defaultConfigurationIsVisible = 0;
			defaultConfigurationName = Release;
		};
/* End XCConfigurationList section */
	};
	rootObject = 1F6C17442415EFC5008CEF4D /* Project object */;
}
